// !$*UTF8*$!
{
	archiveVersion = 1;
	classes = {
	};
	objectVersion = 48;
	objects = {

/* Begin PBXBuildFile section */
		4AA09B451FD6ED7500FFF531 /* AppDelegate.swift in Sources */ = {isa = PBXBuildFile; fileRef = 4AA09B441FD6ED7500FFF531 /* AppDelegate.swift */; };
		4AA09B471FD6ED7500FFF531 /* ViewController.swift in Sources */ = {isa = PBXBuildFile; fileRef = 4AA09B461FD6ED7500FFF531 /* ViewController.swift */; };
		4AA09B4A1FD6ED7500FFF531 /* Main.storyboard in Resources */ = {isa = PBXBuildFile; fileRef = 4AA09B481FD6ED7500FFF531 /* Main.storyboard */; };
		4AA09B4C1FD6ED7500FFF531 /* Assets.xcassets in Resources */ = {isa = PBXBuildFile; fileRef = 4AA09B4B1FD6ED7500FFF531 /* Assets.xcassets */; };
		4AA09B4F1FD6ED7500FFF531 /* LaunchScreen.storyboard in Resources */ = {isa = PBXBuildFile; fileRef = 4AA09B4D1FD6ED7500FFF531 /* LaunchScreen.storyboard */; };
		4AA09B571FD7119600FFF531 /* MediaFile.swift in Sources */ = {isa = PBXBuildFile; fileRef = 4AA09B561FD7119600FFF531 /* MediaFile.swift */; };
/* End PBXBuildFile section */

/* Begin PBXFileReference section */
		4AA09B411FD6ED7500FFF531 /* UploadImageProgress.app */ = {isa = PBXFileReference; explicitFileType = wrapper.application; includeInIndex = 0; path = UploadImageProgress.app; sourceTree = BUILT_PRODUCTS_DIR; };
		4AA09B441FD6ED7500FFF531 /* AppDelegate.swift */ = {isa = PBXFileReference; lastKnownFileType = sourcecode.swift; path = AppDelegate.swift; sourceTree = "<group>"; };
		4AA09B461FD6ED7500FFF531 /* ViewController.swift */ = {isa = PBXFileReference; lastKnownFileType = sourcecode.swift; path = ViewController.swift; sourceTree = "<group>"; };
		4AA09B491FD6ED7500FFF531 /* Base */ = {isa = PBXFileReference; lastKnownFileType = file.storyboard; name = Base; path = Base.lproj/Main.storyboard; sourceTree = "<group>"; };
		4AA09B4B1FD6ED7500FFF531 /* Assets.xcassets */ = {isa = PBXFileReference; lastKnownFileType = folder.assetcatalog; path = Assets.xcassets; sourceTree = "<group>"; };
		4AA09B4E1FD6ED7500FFF531 /* Base */ = {isa = PBXFileReference; lastKnownFileType = file.storyboard; name = Base; path = Base.lproj/LaunchScreen.storyboard; sourceTree = "<group>"; };
		4AA09B501FD6ED7500FFF531 /* Info.plist */ = {isa = PBXFileReference; lastKnownFileType = text.plist.xml; path = Info.plist; sourceTree = "<group>"; };
		4AA09B561FD7119600FFF531 /* MediaFile.swift */ = {isa = PBXFileReference; lastKnownFileType = sourcecode.swift; path = MediaFile.swift; sourceTree = "<group>"; };
/* End PBXFileReference section */

/* Begin PBXFrameworksBuildPhase section */
		4AA09B3E1FD6ED7500FFF531 /* Frameworks */ = {
			isa = PBXFrameworksBuildPhase;
			buildActionMask = 2147483647;
			files = (
			);
			runOnlyForDeploymentPostprocessing = 0;
		};
/* End PBXFrameworksBuildPhase section */

/* Begin PBXGroup section */
		4AA09B381FD6ED7500FFF531 = {
			isa = PBXGroup;
			children = (
				4AA09B431FD6ED7500FFF531 /* UploadImageProgress */,
				4AA09B421FD6ED7500FFF531 /* Products */,
			);
			sourceTree = "<group>";
		};
		4AA09B421FD6ED7500FFF531 /* Products */ = {
			isa = PBXGroup;
			children = (
				4AA09B411FD6ED7500FFF531 /* UploadImageProgress.app */,
			);
			name = Products;
			sourceTree = "<group>";
		};
		4AA09B431FD6ED7500FFF531 /* UploadImageProgress */ = {
			isa = PBXGroup;
			children = (
				4AA09B441FD6ED7500FFF531 /* AppDelegate.swift */,
				4AA09B461FD6ED7500FFF531 /* ViewController.swift */,
				4AA09B561FD7119600FFF531 /* MediaFile.swift */,
				4AA09B4B1FD6ED7500FFF531 /* Assets.xcassets */,
				4AA09B481FD6ED7500FFF531 /* Main.storyboard */,
				4AA09B4D1FD6ED7500FFF531 /* LaunchScreen.storyboard */,
				4AA09B501FD6ED7500FFF531 /* Info.plist */,
			);
			path = UploadImageProgress;
			sourceTree = "<group>";
		};
/* End PBXGroup section */

/* Begin PBXNativeTarget section */
		4AA09B401FD6ED7500FFF531 /* UploadImageProgress */ = {
			isa = PBXNativeTarget;
			buildConfigurationList = 4AA09B531FD6ED7500FFF531 /* Build configuration list for PBXNativeTarget "UploadImageProgress" */;
			buildPhases = (
				4AA09B3D1FD6ED7500FFF531 /* Sources */,
				4AA09B3E1FD6ED7500FFF531 /* Frameworks */,
				4AA09B3F1FD6ED7500FFF531 /* Resources */,
			);
			buildRules = (
			);
			dependencies = (
			);
			name = UploadImageProgress;
			productName = UploadImageProgress;
			productReference = 4AA09B411FD6ED7500FFF531 /* UploadImageProgress.app */;
			productType = "com.apple.product-type.application";
		};
/* End PBXNativeTarget section */

/* Begin PBXProject section */
		4AA09B391FD6ED7500FFF531 /* Project object */ = {
			isa = PBXProject;
			attributes = {
				LastSwiftUpdateCheck = 0900;
				LastUpgradeCheck = 0900;
				ORGANIZATIONNAME = "Asesores Gerenciales";
				TargetAttributes = {
					4AA09B401FD6ED7500FFF531 = {
						CreatedOnToolsVersion = 9.0;
						ProvisioningStyle = Automatic;
					};
				};
			};
			buildConfigurationList = 4AA09B3C1FD6ED7500FFF531 /* Build configuration list for PBXProject "UploadImageProgress" */;
			compatibilityVersion = "Xcode 8.0";
			developmentRegion = en;
			hasScannedForEncodings = 0;
			knownRegions = (
				en,
				Base,
			);
			mainGroup = 4AA09B381FD6ED7500FFF531;
			productRefGroup = 4AA09B421FD6ED7500FFF531 /* Products */;
			projectDirPath = "";
			projectRoot = "";
			targets = (
				4AA09B401FD6ED7500FFF531 /* UploadImageProgress */,
			);
		};
/* End PBXProject section */

/* Begin PBXResourcesBuildPhase section */
		4AA09B3F1FD6ED7500FFF531 /* Resources */ = {
			isa = PBXResourcesBuildPhase;
			buildActionMask = 2147483647;
			files = (
				4AA09B4F1FD6ED7500FFF531 /* LaunchScreen.storyboard in Resources */,
				4AA09B4C1FD6ED7500FFF531 /* Assets.xcassets in Resources */,
				4AA09B4A1FD6ED7500FFF531 /* Main.storyboard in Resources */,
			);
			runOnlyForDeploymentPostprocessing = 0;
		};
/* End PBXResourcesBuildPhase section */

/* Begin PBXSourcesBuildPhase section */
		4AA09B3D1FD6ED7500FFF531 /* Sources */ = {
			isa = PBXSourcesBuildPhase;
			buildActionMask = 2147483647;
			files = (
				4AA09B471FD6ED7500FFF531 /* ViewController.swift in Sources */,
				4AA09B451FD6ED7500FFF531 /* AppDelegate.swift in Sources */,
				4AA09B571FD7119600FFF531 /* MediaFile.swift in Sources */,
			);
			runOnlyForDeploymentPostprocessing = 0;
		};
/* End PBXSourcesBuildPhase section */

/* Begin PBXVariantGroup section */
		4AA09B481FD6ED7500FFF531 /* Main.storyboard */ = {
			isa = PBXVariantGroup;
			children = (
				4AA09B491FD6ED7500FFF531 /* Base */,
			);
			name = Main.storyboard;
			sourceTree = "<group>";
		};
		4AA09B4D1FD6ED7500FFF531 /* LaunchScreen.storyboard */ = {
			isa = PBXVariantGroup;
			children = (
				4AA09B4E1FD6ED7500FFF531 /* Base */,
			);
			name = LaunchScreen.storyboard;
			sourceTree = "<group>";
		};
/* End PBXVariantGroup section */

/* Begin XCBuildConfiguration section */
		4AA09B511FD6ED7500FFF531 /* Debug */ = {
			isa = XCBuildConfiguration;
			buildSettings = {
				ALWAYS_SEARCH_USER_PATHS = NO;
				CLANG_ANALYZER_NONNULL = YES;
				CLANG_ANALYZER_NUMBER_OBJECT_CONVERSION = YES_AGGRESSIVE;
				CLANG_CXX_LANGUAGE_STANDARD = "gnu++14";
				CLANG_CXX_LIBRARY = "libc++";
				CLANG_ENABLE_MODULES = YES;
				CLANG_ENABLE_OBJC_ARC = YES;
				CLANG_WARN_BLOCK_CAPTURE_AUTORELEASING = YES;
				CLANG_WARN_BOOL_CONVERSION = YES;
				CLANG_WARN_COMMA = YES;
				CLANG_WARN_CONSTANT_CONVERSION = YES;
				CLANG_WARN_DIRECT_OBJC_ISA_USAGE = YES_ERROR;
				CLANG_WARN_DOCUMENTATION_COMMENTS = YES;
				CLANG_WARN_EMPTY_BODY = YES;
				CLANG_WARN_ENUM_CONVERSION = YES;
				CLANG_WARN_INFINITE_RECURSION = YES;
				CLANG_WARN_INT_CONVERSION = YES;
				CLANG_WARN_NON_LITERAL_NULL_CONVERSION = YES;
				CLANG_WARN_OBJC_LITERAL_CONVERSION = YES;
				CLANG_WARN_OBJC_ROOT_CLASS = YES_ERROR;
				CLANG_WARN_RANGE_LOOP_ANALYSIS = YES;
				CLANG_WARN_STRICT_PROTOTYPES = YES;
				CLANG_WARN_SUSPICIOUS_MOVE = YES;
				CLANG_WARN_UNGUARDED_AVAILABILITY = YES_AGGRESSIVE;
				CLANG_WARN_UNREACHABLE_CODE = YES;
				CLANG_WARN__DUPLICATE_METHOD_MATCH = YES;
				CODE_SIGN_IDENTITY = "iPhone Developer";
				COPY_PHASE_STRIP = NO;
				DEBUG_INFORMATION_FORMAT = dwarf;
				ENABLE_STRICT_OBJC_MSGSEND = YES;
				ENABLE_TESTABILITY = YES;
				GCC_C_LANGUAGE_STANDARD = gnu11;
				GCC_DYNAMIC_NO_PIC = NO;
				GCC_NO_COMMON_BLOCKS = YES;
				GCC_OPTIMIZATION_LEVEL = 0;
				GCC_PREPROCESSOR_DEFINITIONS = (
					"DEBUG=1",
					"$(inherited)",
				);
				GCC_WARN_64_TO_32_BIT_CONVERSION = YES;
				GCC_WARN_ABOUT_RETURN_TYPE = YES_ERROR;
				GCC_WARN_UNDECLARED_SELECTOR = YES;
				GCC_WARN_UNINITIALIZED_AUTOS = YES_AGGRESSIVE;
				GCC_WARN_UNUSED_FUNCTION = YES;
				GCC_WARN_UNUSED_VARIABLE = YES;
				IPHONEOS_DEPLOYMENT_TARGET = 11.0;
				MTL_ENABLE_DEBUG_INFO = YES;
				ONLY_ACTIVE_ARCH = YES;
				SDKROOT = iphoneos;
				SWIFT_ACTIVE_COMPILATION_CONDITIONS = DEBUG;
				SWIFT_OPTIMIZATION_LEVEL = "-Onone";
			};
			name = Debug;
		};
		4AA09B521FD6ED7500FFF531 /* Release */ = {
			isa = XCBuildConfiguration;
			buildSettings = {
				ALWAYS_SEARCH_USER_PATHS = NO;
				CLANG_ANALYZER_NONNULL = YES;
				CLANG_ANALYZER_NUMBER_OBJECT_CONVERSION = YES_AGGRESSIVE;
				CLANG_CXX_LANGUAGE_STANDARD = "gnu++14";
				CLANG_CXX_LIBRARY = "libc++";
				CLANG_ENABLE_MODULES = YES;
				CLANG_ENABLE_OBJC_ARC = YES;
				CLANG_WARN_BLOCK_CAPTURE_AUTORELEASING = YES;
				CLANG_WARN_BOOL_CONVERSION = YES;
				CLANG_WARN_COMMA = YES;
				CLANG_WARN_CONSTANT_CONVERSION = YES;
				CLANG_WARN_DIRECT_OBJC_ISA_USAGE = YES_ERROR;
				CLANG_WARN_DOCUMENTATION_COMMENTS = YES;
				CLANG_WARN_EMPTY_BODY = YES;
				CLANG_WARN_ENUM_CONVERSION = YES;
				CLANG_WARN_INFINITE_RECURSION = YES;
				CLANG_WARN_INT_CONVERSION = YES;
				CLANG_WARN_NON_LITERAL_NULL_CONVERSION = YES;
				CLANG_WARN_OBJC_LITERAL_CONVERSION = YES;
				CLANG_WARN_OBJC_ROOT_CLASS = YES_ERROR;
				CLANG_WARN_RANGE_LOOP_ANALYSIS = YES;
				CLANG_WARN_STRICT_PROTOTYPES = YES;
				CLANG_WARN_SUSPICIOUS_MOVE = YES;
				CLANG_WARN_UNGUARDED_AVAILABILITY = YES_AGGRESSIVE;
				CLANG_WARN_UNREACHABLE_CODE = YES;
				CLANG_WARN__DUPLICATE_METHOD_MATCH = YES;
				CODE_SIGN_IDENTITY = "iPhone Developer";
				COPY_PHASE_STRIP = NO;
				DEBUG_INFORMATION_FORMAT = "dwarf-with-dsym";
				ENABLE_NS_ASSERTIONS = NO;
				ENABLE_STRICT_OBJC_MSGSEND = YES;
				GCC_C_LANGUAGE_STANDARD = gnu11;
				GCC_NO_COMMON_BLOCKS = YES;
				GCC_WARN_64_TO_32_BIT_CONVERSION = YES;
				GCC_WARN_ABOUT_RETURN_TYPE = YES_ERROR;
				GCC_WARN_UNDECLARED_SELECTOR = YES;
				GCC_WARN_UNINITIALIZED_AUTOS = YES_AGGRESSIVE;
				GCC_WARN_UNUSED_FUNCTION = YES;
				GCC_WARN_UNUSED_VARIABLE = YES;
				IPHONEOS_DEPLOYMENT_TARGET = 11.0;
				MTL_ENABLE_DEBUG_INFO = NO;
				SDKROOT = iphoneos;
				SWIFT_OPTIMIZATION_LEVEL = "-Owholemodule";
				VALIDATE_PRODUCT = YES;
			};
			name = Release;
		};
		4AA09B541FD6ED7500FFF531 /* Debug */ = {
			isa = XCBuildConfiguration;
			buildSettings = {
				ASSETCATALOG_COMPILER_APPICON_NAME = AppIcon;
				CODE_SIGN_STYLE = Automatic;
				INFOPLIST_FILE = UploadImageProgress/Info.plist;
				LD_RUNPATH_SEARCH_PATHS = "$(inherited) @executable_path/Frameworks";
				PRODUCT_BUNDLE_IDENTIFIER = up.progress.dialog.UploadImageProgress;
				PRODUCT_NAME = "$(TARGET_NAME)";
				SWIFT_VERSION = 4.0;
				TARGETED_DEVICE_FAMILY = "1,2";
			};
			name = Debug;
		};
		4AA09B551FD6ED7500FFF531 /* Release */ = {
			isa = XCBuildConfiguration;
			buildSettings = {
				ASSETCATALOG_COMPILER_APPICON_NAME = AppIcon;
				CODE_SIGN_STYLE = Automatic;
				INFOPLIST_FILE = UploadImageProgress/Info.plist;
				LD_RUNPATH_SEARCH_PATHS = "$(inherited) @executable_path/Frameworks";
				PRODUCT_BUNDLE_IDENTIFIER = up.progress.dialog.UploadImageProgress;
				PRODUCT_NAME = "$(TARGET_NAME)";
				SWIFT_VERSION = 4.0;
				TARGETED_DEVICE_FAMILY = "1,2";
			};
			name = Release;
		};
/* End XCBuildConfiguration section */

/* Begin XCConfigurationList section */
		4AA09B3C1FD6ED7500FFF531 /* Build configuration list for PBXProject "UploadImageProgress" */ = {
			isa = XCConfigurationList;
			buildConfigurations = (
				4AA09B511FD6ED7500FFF531 /* Debug */,
				4AA09B521FD6ED7500FFF531 /* Release */,
			);
			defaultConfigurationIsVisible = 0;
			defaultConfigurationName = Release;
		};
		4AA09B531FD6ED7500FFF531 /* Build configuration list for PBXNativeTarget "UploadImageProgress" */ = {
			isa = XCConfigurationList;
			buildConfigurations = (
				4AA09B541FD6ED7500FFF531 /* Debug */,
				4AA09B551FD6ED7500FFF531 /* Release */,
			);
			defaultConfigurationIsVisible = 0;
			defaultConfigurationName = Release;
		};
/* End XCConfigurationList section */
	};
	rootObject = 4AA09B391FD6ED7500FFF531 /* Project object */;
}
